
Microsoft Visual Studio Solution File, Format Version 12.00
# Visual Studio Version 16
VisualStudioVersion = 16.0.31205.134
MinimumVisualStudioVersion = 10.0.40219.1
Project("{FAE04EC0-301F-11D3-BF4B-00C04F79EFBC}") = "Avanade", "Avanade\Avanade.csproj", "{E4CAEC6D-15A7-4487-B7FD-E8CE40E835F1}"
EndProject
Global
	GlobalSection(SolutionConfigurationPlatforms) = preSolution
		Debug|Any CPU = Debug|Any CPU
		Release|Any CPU = Release|Any CPU
	EndGlobalSection
	GlobalSection(ProjectConfigurationPlatforms) = postSolution
		{E4CAEC6D-15A7-4487-B7FD-E8CE40E835F1}.Debug|Any CPU.ActiveCfg = Debug|Any CPU
		{E4CAEC6D-15A7-4487-B7FD-E8CE40E835F1}.Debug|Any CPU.Build.0 = Debug|Any CPU
		{E4CAEC6D-15A7-4487-B7FD-E8CE40E835F1}.Release|Any CPU.ActiveCfg = Release|Any CPU
		{E4CAEC6D-15A7-4487-B7FD-E8CE40E835F1}.Release|Any CPU.Build.0 = Release|Any CPU
	EndGlobalSection
	GlobalSection(SolutionProperties) = preSolution
		HideSolutionNode = FALSE
	EndGlobalSection
	GlobalSection(ExtensibilityGlobals) = postSolution
		SolutionGuid = {34792B95-8045-460E-B927-2C8F22890419}
	EndGlobalSection
EndGlobal
